
Microsoft Visual Studio Solution File, Format Version 12.00
# Visual Studio Version 17
VisualStudioVersion = 17.14.36408.4
MinimumVisualStudioVersion = 10.0.40219.1
Project("{FAE04EC0-301F-11D3-BF4B-00C04F79EFBC}") = "Tipi Eccezioni Comuni", "Tipi Eccezioni Comuni\Tipi Eccezioni Comuni.csproj", "{61430AA8-968D-4F52-88E6-E7A727218E33}"
EndProject
Global
	GlobalSection(SolutionConfigurationPlatforms) = preSolution
		Debug|Any CPU = Debug|Any CPU
		Release|Any CPU = Release|Any CPU
	EndGlobalSection
	GlobalSection(ProjectConfigurationPlatforms) = postSolution
		{61430AA8-968D-4F52-88E6-E7A727218E33}.Debug|Any CPU.ActiveCfg = Debug|Any CPU
		{61430AA8-968D-4F52-88E6-E7A727218E33}.Debug|Any CPU.Build.0 = Debug|Any CPU
		{61430AA8-968D-4F52-88E6-E7A727218E33}.Release|Any CPU.ActiveCfg = Release|Any CPU
		{61430AA8-968D-4F52-88E6-E7A727218E33}.Release|Any CPU.Build.0 = Release|Any CPU
	EndGlobalSection
	GlobalSection(SolutionProperties) = preSolution
		HideSolutionNode = FALSE
	EndGlobalSection
	GlobalSection(ExtensibilityGlobals) = postSolution
		SolutionGuid = {5702402F-CAAE-4B8F-A2DC-EF8C262554E5}
	EndGlobalSection
EndGlobal
